{
  "name": "ScrollView_RN",
  "version": "0.0.1",
  "lockfileVersion": 1,
  "requires": true,
  "dependencies": {
    "react-timer-mixin": {
      "version": "0.13.4",
      "resolved": "http://registry.npm.taobao.org/react-timer-mixin/download/react-timer-mixin-0.13.4.tgz",
      "integrity": "sha1-daAMPJTBOr4ptD1jtMZaiPyCZNM="
    }
  }
}
